
Microsoft Visual Studio Solution File, Format Version 12.00
# Visual Studio 15
Project("{FAE04EC0-301F-11D3-BF4B-00C04F79EFBC}") = "Supabase", "Supabase\Supabase.csproj", "{FAE80407-C121-47A3-9304-D39FA828E9F1}"
EndProject
Project("{FAE04EC0-301F-11D3-BF4B-00C04F79EFBC}") = "SupabaseTests", "SupabaseTests\SupabaseTests.csproj", "{28EE4F80-74AA-46F6-B15E-27C30310401A}"
EndProject
Project("{FAE04EC0-301F-11D3-BF4B-00C04F79EFBC}") = "SupabaseExample", "SupabaseExample\SupabaseExample.csproj", "{DA3EF17E-F901-428D-B9BD-94A078E389E9}"
EndProject
Project("{2150E333-8FDC-42A3-9474-1A3956D46DE8}") = "src", "src", "{650CA0C4-E516-4B17-8192-5ECC63190881}"
EndProject
Project("{2150E333-8FDC-42A3-9474-1A3956D46DE8}") = "tests", "tests", "{B64B1D7A-A65D-42C6-BE87-042CE313230F}"
EndProject
Project("{FAE04EC0-301F-11D3-BF4B-00C04F79EFBC}") = "SupabaseAuth", "src\SupabaseAuth\SupabaseAuth.csproj", "{BB56E58E-D541-4A29-94C0-F584BCC9477A}"
EndProject
Project("{FAE04EC0-301F-11D3-BF4B-00C04F79EFBC}") = "SupabaseAuth.Tests", "tests\SupabaseAuth.Tests\SupabaseAuth.Tests.csproj", "{FB606C4A-DF85-4EE5-A7D7-A9D756517AB1}"
EndProject
Global
	GlobalSection(SolutionConfigurationPlatforms) = preSolution
		Debug|Any CPU = Debug|Any CPU
		Release|Any CPU = Release|Any CPU
	EndGlobalSection
	GlobalSection(ProjectConfigurationPlatforms) = postSolution
		{FAE80407-C121-47A3-9304-D39FA828E9F1}.Debug|Any CPU.ActiveCfg = Debug|Any CPU
		{FAE80407-C121-47A3-9304-D39FA828E9F1}.Debug|Any CPU.Build.0 = Debug|Any CPU
		{FAE80407-C121-47A3-9304-D39FA828E9F1}.Release|Any CPU.ActiveCfg = Release|Any CPU
		{FAE80407-C121-47A3-9304-D39FA828E9F1}.Release|Any CPU.Build.0 = Release|Any CPU
		{28EE4F80-74AA-46F6-B15E-27C30310401A}.Debug|Any CPU.ActiveCfg = Debug|Any CPU
		{28EE4F80-74AA-46F6-B15E-27C30310401A}.Debug|Any CPU.Build.0 = Debug|Any CPU
		{28EE4F80-74AA-46F6-B15E-27C30310401A}.Release|Any CPU.ActiveCfg = Release|Any CPU
		{28EE4F80-74AA-46F6-B15E-27C30310401A}.Release|Any CPU.Build.0 = Release|Any CPU
		{DA3EF17E-F901-428D-B9BD-94A078E389E9}.Debug|Any CPU.ActiveCfg = Debug|Any CPU
		{DA3EF17E-F901-428D-B9BD-94A078E389E9}.Debug|Any CPU.Build.0 = Debug|Any CPU
		{DA3EF17E-F901-428D-B9BD-94A078E389E9}.Release|Any CPU.ActiveCfg = Release|Any CPU
		{DA3EF17E-F901-428D-B9BD-94A078E389E9}.Release|Any CPU.Build.0 = Release|Any CPU
		{BB56E58E-D541-4A29-94C0-F584BCC9477A}.Debug|Any CPU.ActiveCfg = Debug|Any CPU
		{BB56E58E-D541-4A29-94C0-F584BCC9477A}.Debug|Any CPU.Build.0 = Debug|Any CPU
		{BB56E58E-D541-4A29-94C0-F584BCC9477A}.Release|Any CPU.ActiveCfg = Release|Any CPU
		{BB56E58E-D541-4A29-94C0-F584BCC9477A}.Release|Any CPU.Build.0 = Release|Any CPU
		{FB606C4A-DF85-4EE5-A7D7-A9D756517AB1}.Debug|Any CPU.ActiveCfg = Debug|Any CPU
		{FB606C4A-DF85-4EE5-A7D7-A9D756517AB1}.Debug|Any CPU.Build.0 = Debug|Any CPU
		{FB606C4A-DF85-4EE5-A7D7-A9D756517AB1}.Release|Any CPU.ActiveCfg = Release|Any CPU
		{FB606C4A-DF85-4EE5-A7D7-A9D756517AB1}.Release|Any CPU.Build.0 = Release|Any CPU
	EndGlobalSection
	GlobalSection(MonoDevelopProperties) = preSolution
		version = 0.3.4
	EndGlobalSection
	GlobalSection(NestedProjects) = preSolution
		{BB56E58E-D541-4A29-94C0-F584BCC9477A} = {650CA0C4-E516-4B17-8192-5ECC63190881}
		{FB606C4A-DF85-4EE5-A7D7-A9D756517AB1} = {B64B1D7A-A65D-42C6-BE87-042CE313230F}
	EndGlobalSection
EndGlobal
